// !$*UTF8*$!
{
	archiveVersion = 1;
	classes = {
	};
	objectVersion = 46;
	objects = {

/* Begin PBXBuildFile section */
		223C73221C5769C400D1EFE8 /* AppDelegate.swift in Sources */ = {isa = PBXBuildFile; fileRef = 223C73211C5769C400D1EFE8 /* AppDelegate.swift */; };
		223C73241C5769C400D1EFE8 /* ViewController.swift in Sources */ = {isa = PBXBuildFile; fileRef = 223C73231C5769C400D1EFE8 /* ViewController.swift */; };
		223C73271C5769C400D1EFE8 /* Main.storyboard in Resources */ = {isa = PBXBuildFile; fileRef = 223C73251C5769C400D1EFE8 /* Main.storyboard */; };
		223C73291C5769C400D1EFE8 /* Assets.xcassets in Resources */ = {isa = PBXBuildFile; fileRef = 223C73281C5769C400D1EFE8 /* Assets.xcassets */; };
		223C732C1C5769C400D1EFE8 /* LaunchScreen.storyboard in Resources */ = {isa = PBXBuildFile; fileRef = 223C732A1C5769C400D1EFE8 /* LaunchScreen.storyboard */; };
/* End PBXBuildFile section */

/* Begin PBXFileReference section */
		223C731E1C5769C400D1EFE8 /* ShoppingList.app */ = {isa = PBXFileReference; explicitFileType = wrapper.application; includeInIndex = 0; path = ShoppingList.app; sourceTree = BUILT_PRODUCTS_DIR; };
		223C73211C5769C400D1EFE8 /* AppDelegate.swift */ = {isa = PBXFileReference; lastKnownFileType = sourcecode.swift; path = AppDelegate.swift; sourceTree = "<group>"; };
		223C73231C5769C400D1EFE8 /* ViewController.swift */ = {isa = PBXFileReference; lastKnownFileType = sourcecode.swift; path = ViewController.swift; sourceTree = "<group>"; };
		223C73261C5769C400D1EFE8 /* Base */ = {isa = PBXFileReference; lastKnownFileType = file.storyboard; name = Base; path = Base.lproj/Main.storyboard; sourceTree = "<group>"; };
		223C73281C5769C400D1EFE8 /* Assets.xcassets */ = {isa = PBXFileReference; lastKnownFileType = folder.assetcatalog; path = Assets.xcassets; sourceTree = "<group>"; };
		223C732B1C5769C400D1EFE8 /* Base */ = {isa = PBXFileReference; lastKnownFileType = file.storyboard; name = Base; path = Base.lproj/LaunchScreen.storyboard; sourceTree = "<group>"; };
		223C732D1C5769C400D1EFE8 /* Info.plist */ = {isa = PBXFileReference; lastKnownFileType = text.plist.xml; path = Info.plist; sourceTree = "<group>"; };
/* End PBXFileReference section */

/* Begin PBXFrameworksBuildPhase section */
		223C731B1C5769C400D1EFE8 /* Frameworks */ = {
			isa = PBXFrameworksBuildPhase;
			buildActionMask = 2147483647;
			files = (
			);
			runOnlyForDeploymentPostprocessing = 0;
		};
/* End PBXFrameworksBuildPhase section */

/* Begin PBXGroup section */
		223C73151C5769C400D1EFE8 = {
			isa = PBXGroup;
			children = (
				223C73201C5769C400D1EFE8 /* ShoppingList */,
				223C731F1C5769C400D1EFE8 /* Products */,
			);
			sourceTree = "<group>";
		};
		223C731F1C5769C400D1EFE8 /* Products */ = {
			isa = PBXGroup;
			children = (
				223C731E1C5769C400D1EFE8 /* ShoppingList.app */,
			);
			name = Products;
			sourceTree = "<group>";
		};
		223C73201C5769C400D1EFE8 /* ShoppingList */ = {
			isa = PBXGroup;
			children = (
				223C73211C5769C400D1EFE8 /* AppDelegate.swift */,
				223C73231C5769C400D1EFE8 /* ViewController.swift */,
				223C73251C5769C400D1EFE8 /* Main.storyboard */,
				223C73281C5769C400D1EFE8 /* Assets.xcassets */,
				223C732A1C5769C400D1EFE8 /* LaunchScreen.storyboard */,
				223C732D1C5769C400D1EFE8 /* Info.plist */,
			);
			path = ShoppingList;
			sourceTree = "<group>";
		};
/* End PBXGroup section */

/* Begin PBXNativeTarget section */
		223C731D1C5769C400D1EFE8 /* ShoppingList */ = {
			isa = PBXNativeTarget;
			buildConfigurationList = 223C73301C5769C400D1EFE8 /* Build configuration list for PBXNativeTarget "ShoppingList" */;
			buildPhases = (
				223C731A1C5769C400D1EFE8 /* Sources */,
				223C731B1C5769C400D1EFE8 /* Frameworks */,
				223C731C1C5769C400D1EFE8 /* Resources */,
			);
			buildRules = (
			);
			dependencies = (
			);
			name = ShoppingList;
			productName = ShoppingList;
			productReference = 223C731E1C5769C400D1EFE8 /* ShoppingList.app */;
			productType = "com.apple.product-type.application";
		};
/* End PBXNativeTarget section */

/* Begin PBXProject section */
		223C73161C5769C400D1EFE8 /* Project object */ = {
			isa = PBXProject;
			attributes = {
				LastSwiftUpdateCheck = 0720;
				LastUpgradeCheck = 0720;
				ORGANIZATIONNAME = "Polynin Pavel";
				TargetAttributes = {
					223C731D1C5769C400D1EFE8 = {
						CreatedOnToolsVersion = 7.2;
						DevelopmentTeam = J5WNS879BM;
					};
				};
			};
			buildConfigurationList = 223C73191C5769C400D1EFE8 /* Build configuration list for PBXProject "ShoppingList" */;
			compatibilityVersion = "Xcode 3.2";
			developmentRegion = English;
			hasScannedForEncodings = 0;
			knownRegions = (
				en,
				Base,
			);
			mainGroup = 223C73151C5769C400D1EFE8;
			productRefGroup = 223C731F1C5769C400D1EFE8 /* Products */;
			projectDirPath = "";
			projectRoot = "";
			targets = (
				223C731D1C5769C400D1EFE8 /* ShoppingList */,
			);
		};
/* End PBXProject section */

/* Begin PBXResourcesBuildPhase section */
		223C731C1C5769C400D1EFE8 /* Resources */ = {
			isa = PBXResourcesBuildPhase;
			buildActionMask = 2147483647;
			files = (
				223C732C1C5769C400D1EFE8 /* LaunchScreen.storyboard in Resources */,
				223C73291C5769C400D1EFE8 /* Assets.xcassets in Resources */,
				223C73271C5769C400D1EFE8 /* Main.storyboard in Resources */,
			);
			runOnlyForDeploymentPostprocessing = 0;
		};
/* End PBXResourcesBuildPhase section */

/* Begin PBXSourcesBuildPhase section */
		223C731A1C5769C400D1EFE8 /* Sources */ = {
			isa = PBXSourcesBuildPhase;
			buildActionMask = 2147483647;
			files = (
				223C73241C5769C400D1EFE8 /* ViewController.swift in Sources */,
				223C73221C5769C400D1EFE8 /* AppDelegate.swift in Sources */,
			);
			runOnlyForDeploymentPostprocessing = 0;
		};
/* End PBXSourcesBuildPhase section */

/* Begin PBXVariantGroup section */
		223C73251C5769C400D1EFE8 /* Main.storyboard */ = {
			isa = PBXVariantGroup;
			children = (
				223C73261C5769C400D1EFE8 /* Base */,
			);
			name = Main.storyboard;
			sourceTree = "<group>";
		};
		223C732A1C5769C400D1EFE8 /* LaunchScreen.storyboard */ = {
			isa = PBXVariantGroup;
			children = (
				223C732B1C5769C400D1EFE8 /* Base */,
			);
			name = LaunchScreen.storyboard;
			sourceTree = "<group>";
		};
/* End PBXVariantGroup section */

/* Begin XCBuildConfiguration section */
		223C732E1C5769C400D1EFE8 /* Debug */ = {
			isa = XCBuildConfiguration;
			buildSettings = {
				ALWAYS_SEARCH_USER_PATHS = NO;
				CLANG_CXX_LANGUAGE_STANDARD = "gnu++0x";
				CLANG_CXX_LIBRARY = "libc++";
				CLANG_ENABLE_MODULES = YES;
				CLANG_ENABLE_OBJC_ARC = YES;
				CLANG_WARN_BOOL_CONVERSION = YES;
				CLANG_WARN_CONSTANT_CONVERSION = YES;
				CLANG_WARN_DIRECT_OBJC_ISA_USAGE = YES_ERROR;
				CLANG_WARN_EMPTY_BODY = YES;
				CLANG_WARN_ENUM_CONVERSION = YES;
				CLANG_WARN_INT_CONVERSION = YES;
				CLANG_WARN_OBJC_ROOT_CLASS = YES_ERROR;
				CLANG_WARN_UNREACHABLE_CODE = YES;
				CLANG_WARN__DUPLICATE_METHOD_MATCH = YES;
				"CODE_SIGN_IDENTITY[sdk=iphoneos*]" = "iPhone Developer";
				COPY_PHASE_STRIP = NO;
				DEBUG_INFORMATION_FORMAT = dwarf;
				ENABLE_STRICT_OBJC_MSGSEND = YES;
				ENABLE_TESTABILITY = YES;
				GCC_C_LANGUAGE_STANDARD = gnu99;
				GCC_DYNAMIC_NO_PIC = NO;
				GCC_NO_COMMON_BLOCKS = YES;
				GCC_OPTIMIZATION_LEVEL = 0;
				GCC_PREPROCESSOR_DEFINITIONS = (
					"DEBUG=1",
					"$(inherited)",
				);
				GCC_WARN_64_TO_32_BIT_CONVERSION = YES;
				GCC_WARN_ABOUT_RETURN_TYPE = YES_ERROR;
				GCC_WARN_UNDECLARED_SELECTOR = YES;
				GCC_WARN_UNINITIALIZED_AUTOS = YES_AGGRESSIVE;
				GCC_WARN_UNUSED_FUNCTION = YES;
				GCC_WARN_UNUSED_VARIABLE = YES;
				IPHONEOS_DEPLOYMENT_TARGET = 9.2;
				MTL_ENABLE_DEBUG_INFO = YES;
				ONLY_ACTIVE_ARCH = YES;
				SDKROOT = iphoneos;
				SWIFT_OPTIMIZATION_LEVEL = "-Onone";
			};
			name = Debug;
		};
		223C732F1C5769C400D1EFE8 /* Release */ = {
			isa = XCBuildConfiguration;
			buildSettings = {
				ALWAYS_SEARCH_USER_PATHS = NO;
				CLANG_CXX_LANGUAGE_STANDARD = "gnu++0x";
				CLANG_CXX_LIBRARY = "libc++";
				CLANG_ENABLE_MODULES = YES;
				CLANG_ENABLE_OBJC_ARC = YES;
				CLANG_WARN_BOOL_CONVERSION = YES;
				CLANG_WARN_CONSTANT_CONVERSION = YES;
				CLANG_WARN_DIRECT_OBJC_ISA_USAGE = YES_ERROR;
				CLANG_WARN_EMPTY_BODY = YES;
				CLANG_WARN_ENUM_CONVERSION = YES;
				CLANG_WARN_INT_CONVERSION = YES;
				CLANG_WARN_OBJC_ROOT_CLASS = YES_ERROR;
				CLANG_WARN_UNREACHABLE_CODE = YES;
				CLANG_WARN__DUPLICATE_METHOD_MATCH = YES;
				"CODE_SIGN_IDENTITY[sdk=iphoneos*]" = "iPhone Developer";
				COPY_PHASE_STRIP = NO;
				DEBUG_INFORMATION_FORMAT = "dwarf-with-dsym";
				ENABLE_NS_ASSERTIONS = NO;
				ENABLE_STRICT_OBJC_MSGSEND = YES;
				GCC_C_LANGUAGE_STANDARD = gnu99;
				GCC_NO_COMMON_BLOCKS = YES;
				GCC_WARN_64_TO_32_BIT_CONVERSION = YES;
				GCC_WARN_ABOUT_RETURN_TYPE = YES_ERROR;
				GCC_WARN_UNDECLARED_SELECTOR = YES;
				GCC_WARN_UNINITIALIZED_AUTOS = YES_AGGRESSIVE;
				GCC_WARN_UNUSED_FUNCTION = YES;
				GCC_WARN_UNUSED_VARIABLE = YES;
				IPHONEOS_DEPLOYMENT_TARGET = 9.2;
				MTL_ENABLE_DEBUG_INFO = NO;
				SDKROOT = iphoneos;
				VALIDATE_PRODUCT = YES;
			};
			name = Release;
		};
		223C73311C5769C400D1EFE8 /* Debug */ = {
			isa = XCBuildConfiguration;
			buildSettings = {
				ASSETCATALOG_COMPILER_APPICON_NAME = AppIcon;
				INFOPLIST_FILE = ShoppingList/Info.plist;
				LD_RUNPATH_SEARCH_PATHS = "$(inherited) @executable_path/Frameworks";
				PRODUCT_BUNDLE_IDENTIFIER = ZMB.ShoppingList;
				PRODUCT_NAME = "$(TARGET_NAME)";
			};
			name = Debug;
		};
		223C73321C5769C400D1EFE8 /* Release */ = {
			isa = XCBuildConfiguration;
			buildSettings = {
				ASSETCATALOG_COMPILER_APPICON_NAME = AppIcon;
				INFOPLIST_FILE = ShoppingList/Info.plist;
				LD_RUNPATH_SEARCH_PATHS = "$(inherited) @executable_path/Frameworks";
				PRODUCT_BUNDLE_IDENTIFIER = ZMB.ShoppingList;
				PRODUCT_NAME = "$(TARGET_NAME)";
			};
			name = Release;
		};
/* End XCBuildConfiguration section */

/* Begin XCConfigurationList section */
		223C73191C5769C400D1EFE8 /* Build configuration list for PBXProject "ShoppingList" */ = {
			isa = XCConfigurationList;
			buildConfigurations = (
				223C732E1C5769C400D1EFE8 /* Debug */,
				223C732F1C5769C400D1EFE8 /* Release */,
			);
			defaultConfigurationIsVisible = 0;
			defaultConfigurationName = Release;
		};
		223C73301C5769C400D1EFE8 /* Build configuration list for PBXNativeTarget "ShoppingList" */ = {
			isa = XCConfigurationList;
			buildConfigurations = (
				223C73311C5769C400D1EFE8 /* Debug */,
				223C73321C5769C400D1EFE8 /* Release */,
			);
			defaultConfigurationIsVisible = 0;
		};
/* End XCConfigurationList section */
	};
	rootObject = 223C73161C5769C400D1EFE8 /* Project object */;
}
